
Microsoft Visual Studio Solution File, Format Version 12.00
# Visual Studio Version 17
VisualStudioVersion = 17.6.33723.286
MinimumVisualStudioVersion = 10.0.40219.1
Project("{8BC9CEB8-8B4A-11D0-8D11-00A0C91BC942}") = "Server", "Server\Server.vcxproj", "{4AC44C3B-A22D-457A-8657-1626E0A1493B}"
EndProject
Project("{8BC9CEB8-8B4A-11D0-8D11-00A0C91BC942}") = "Client", "Client\Client.vcxproj", "{9B03E865-88A7-4EB1-A81F-6C37F755550E}"
EndProject
Global
	GlobalSection(SolutionConfigurationPlatforms) = preSolution
		Debug|x64 = Debug|x64
		Debug|x86 = Debug|x86
		Release|x64 = Release|x64
		Release|x86 = Release|x86
	EndGlobalSection
	GlobalSection(ProjectConfigurationPlatforms) = postSolution
		{4AC44C3B-A22D-457A-8657-1626E0A1493B}.Debug|x64.ActiveCfg = Debug|x64
		{4AC44C3B-A22D-457A-8657-1626E0A1493B}.Debug|x64.Build.0 = Debug|x64
		{4AC44C3B-A22D-457A-8657-1626E0A1493B}.Debug|x86.ActiveCfg = Debug|Win32
		{4AC44C3B-A22D-457A-8657-1626E0A1493B}.Debug|x86.Build.0 = Debug|Win32
		{4AC44C3B-A22D-457A-8657-1626E0A1493B}.Release|x64.ActiveCfg = Release|x64
		{4AC44C3B-A22D-457A-8657-1626E0A1493B}.Release|x64.Build.0 = Release|x64
		{4AC44C3B-A22D-457A-8657-1626E0A1493B}.Release|x86.ActiveCfg = Release|Win32
		{4AC44C3B-A22D-457A-8657-1626E0A1493B}.Release|x86.Build.0 = Release|Win32
		{9B03E865-88A7-4EB1-A81F-6C37F755550E}.Debug|x64.ActiveCfg = Debug|x64
		{9B03E865-88A7-4EB1-A81F-6C37F755550E}.Debug|x64.Build.0 = Debug|x64
		{9B03E865-88A7-4EB1-A81F-6C37F755550E}.Debug|x86.ActiveCfg = Debug|Win32
		{9B03E865-88A7-4EB1-A81F-6C37F755550E}.Debug|x86.Build.0 = Debug|Win32
		{9B03E865-88A7-4EB1-A81F-6C37F755550E}.Release|x64.ActiveCfg = Release|x64
		{9B03E865-88A7-4EB1-A81F-6C37F755550E}.Release|x64.Build.0 = Release|x64
		{9B03E865-88A7-4EB1-A81F-6C37F755550E}.Release|x86.ActiveCfg = Release|Win32
		{9B03E865-88A7-4EB1-A81F-6C37F755550E}.Release|x86.Build.0 = Release|Win32
	EndGlobalSection
	GlobalSection(SolutionProperties) = preSolution
		HideSolutionNode = FALSE
	EndGlobalSection
	GlobalSection(ExtensibilityGlobals) = postSolution
		SolutionGuid = {FA8844A0-2860-4EC4-89AA-F3A445CBFBF9}
	EndGlobalSection
EndGlobal
